{
    "_readme": [
        "This file locks the dependencies of your project to a known state",
        "Read more about it at https://getcomposer.org/doc/01-basic-usage.md#composer-lock-the-lock-file",
        "This file is @generated automatically"
    ],
    "content-hash": "65ca1da6eb79f4f8927cbd2d00373cbb",
    "packages": [],
    "packages-dev": [
        {
            "name": "yahnis-elsts/wp-update-server",
            "version": "v1.3.1",
            "source": {
                "type": "git",
                "url": "https://github.com/YahnisElsts/wp-update-server.git",
                "reference": "230dc366b5b5ccfb9e484de33188f76250f1b6cb"
            },
            "dist": {
                "type": "zip",
                "url": "https://api.github.com/repos/YahnisElsts/wp-update-server/zipball/230dc366b5b5ccfb9e484de33188f76250f1b6cb",
                "reference": "230dc366b5b5ccfb9e484de33188f76250f1b6cb",
                "shasum": ""
            },
            "require": {
                "php": ">=5.3.0"
            },
            "type": "library",
            "notification-url": "https://packagist.org/downloads/",
            "license": [
                "MIT"
            ],
            "authors": [
                {
                    "name": "Yahnis Elsts",
                    "email": "whiteshadow@w-shadow.com",
                    "homepage": "http://w-shadow.com/",
                    "role": "Developer"
                }
            ],
            "description": "Custom update API server for WordPress plugins and themes.",
            "homepage": "https://github.com/YahnisElsts/wp-update-server/",
            "keywords": [
                "automatic updates",
                "plugin updates",
                "theme updates",
                "wordpress"
            ],
            "time": "2017-12-08T13:15:52+00:00"
        }
    ],
    "aliases": [],
    "minimum-stability": "stable",
    "stability-flags": [],
    "prefer-stable": false,
    "prefer-lowest": false,
    "platform": [],
    "platform-dev": []
}
